// !$*UTF8*$!
{
	archiveVersion = 1;
	classes = {
	};
	objectVersion = 46;
	objects = {

/* Begin PBXBuildFile section */
		DF224E4B1AC07ABA0030DACD /* AppDelegate.swift in Sources */ = {isa = PBXBuildFile; fileRef = DF224E4A1AC07ABA0030DACD /* AppDelegate.swift */; };
		DF224E4D1AC07ABA0030DACD /* ViewController.swift in Sources */ = {isa = PBXBuildFile; fileRef = DF224E4C1AC07ABA0030DACD /* ViewController.swift */; };
		DF224E501AC07ABA0030DACD /* Main.storyboard in Resources */ = {isa = PBXBuildFile; fileRef = DF224E4E1AC07ABA0030DACD /* Main.storyboard */; };
		DF224E521AC07ABA0030DACD /* Images.xcassets in Resources */ = {isa = PBXBuildFile; fileRef = DF224E511AC07ABA0030DACD /* Images.xcassets */; };
		DF224E551AC07ABA0030DACD /* LaunchScreen.xib in Resources */ = {isa = PBXBuildFile; fileRef = DF224E531AC07ABA0030DACD /* LaunchScreen.xib */; };
		DF224E611AC07ABA0030DACD /* MyFirstAppTests.swift in Sources */ = {isa = PBXBuildFile; fileRef = DF224E601AC07ABA0030DACD /* MyFirstAppTests.swift */; };
/* End PBXBuildFile section */

/* Begin PBXContainerItemProxy section */
		DF224E5B1AC07ABA0030DACD /* PBXContainerItemProxy */ = {
			isa = PBXContainerItemProxy;
			containerPortal = DF224E3D1AC07ABA0030DACD /* Project object */;
			proxyType = 1;
			remoteGlobalIDString = DF224E441AC07ABA0030DACD;
			remoteInfo = MyFirstApp;
		};
/* End PBXContainerItemProxy section */

/* Begin PBXFileReference section */
		DF224E451AC07ABA0030DACD /* MyFirstApp.app */ = {isa = PBXFileReference; explicitFileType = wrapper.application; includeInIndex = 0; path = MyFirstApp.app; sourceTree = BUILT_PRODUCTS_DIR; };
		DF224E491AC07ABA0030DACD /* Info.plist */ = {isa = PBXFileReference; lastKnownFileType = text.plist.xml; path = Info.plist; sourceTree = "<group>"; };
		DF224E4A1AC07ABA0030DACD /* AppDelegate.swift */ = {isa = PBXFileReference; lastKnownFileType = sourcecode.swift; path = AppDelegate.swift; sourceTree = "<group>"; };
		DF224E4C1AC07ABA0030DACD /* ViewController.swift */ = {isa = PBXFileReference; lastKnownFileType = sourcecode.swift; path = ViewController.swift; sourceTree = "<group>"; };
		DF224E4F1AC07ABA0030DACD /* Base */ = {isa = PBXFileReference; lastKnownFileType = file.storyboard; name = Base; path = Base.lproj/Main.storyboard; sourceTree = "<group>"; };
		DF224E511AC07ABA0030DACD /* Images.xcassets */ = {isa = PBXFileReference; lastKnownFileType = folder.assetcatalog; path = Images.xcassets; sourceTree = "<group>"; };
		DF224E541AC07ABA0030DACD /* Base */ = {isa = PBXFileReference; lastKnownFileType = file.xib; name = Base; path = Base.lproj/LaunchScreen.xib; sourceTree = "<group>"; };
		DF224E5A1AC07ABA0030DACD /* MyFirstAppTests.xctest */ = {isa = PBXFileReference; explicitFileType = wrapper.cfbundle; includeInIndex = 0; path = MyFirstAppTests.xctest; sourceTree = BUILT_PRODUCTS_DIR; };
		DF224E5F1AC07ABA0030DACD /* Info.plist */ = {isa = PBXFileReference; lastKnownFileType = text.plist.xml; path = Info.plist; sourceTree = "<group>"; };
		DF224E601AC07ABA0030DACD /* MyFirstAppTests.swift */ = {isa = PBXFileReference; lastKnownFileType = sourcecode.swift; path = MyFirstAppTests.swift; sourceTree = "<group>"; };
/* End PBXFileReference section */

/* Begin PBXFrameworksBuildPhase section */
		DF224E421AC07ABA0030DACD /* Frameworks */ = {
			isa = PBXFrameworksBuildPhase;
			buildActionMask = 2147483647;
			files = (
			);
			runOnlyForDeploymentPostprocessing = 0;
		};
		DF224E571AC07ABA0030DACD /* Frameworks */ = {
			isa = PBXFrameworksBuildPhase;
			buildActionMask = 2147483647;
			files = (
			);
			runOnlyForDeploymentPostprocessing = 0;
		};
/* End PBXFrameworksBuildPhase section */

/* Begin PBXGroup section */
		DF224E3C1AC07ABA0030DACD = {
			isa = PBXGroup;
			children = (
				DF224E471AC07ABA0030DACD /* MyFirstApp */,
				DF224E5D1AC07ABA0030DACD /* MyFirstAppTests */,
				DF224E461AC07ABA0030DACD /* Products */,
			);
			sourceTree = "<group>";
		};
		DF224E461AC07ABA0030DACD /* Products */ = {
			isa = PBXGroup;
			children = (
				DF224E451AC07ABA0030DACD /* MyFirstApp.app */,
				DF224E5A1AC07ABA0030DACD /* MyFirstAppTests.xctest */,
			);
			name = Products;
			sourceTree = "<group>";
		};
		DF224E471AC07ABA0030DACD /* MyFirstApp */ = {
			isa = PBXGroup;
			children = (
				DF224E4A1AC07ABA0030DACD /* AppDelegate.swift */,
				DF224E4C1AC07ABA0030DACD /* ViewController.swift */,
				DF224E4E1AC07ABA0030DACD /* Main.storyboard */,
				DF224E511AC07ABA0030DACD /* Images.xcassets */,
				DF224E531AC07ABA0030DACD /* LaunchScreen.xib */,
				DF224E481AC07ABA0030DACD /* Supporting Files */,
			);
			path = MyFirstApp;
			sourceTree = "<group>";
		};
		DF224E481AC07ABA0030DACD /* Supporting Files */ = {
			isa = PBXGroup;
			children = (
				DF224E491AC07ABA0030DACD /* Info.plist */,
			);
			name = "Supporting Files";
			sourceTree = "<group>";
		};
		DF224E5D1AC07ABA0030DACD /* MyFirstAppTests */ = {
			isa = PBXGroup;
			children = (
				DF224E601AC07ABA0030DACD /* MyFirstAppTests.swift */,
				DF224E5E1AC07ABA0030DACD /* Supporting Files */,
			);
			path = MyFirstAppTests;
			sourceTree = "<group>";
		};
		DF224E5E1AC07ABA0030DACD /* Supporting Files */ = {
			isa = PBXGroup;
			children = (
				DF224E5F1AC07ABA0030DACD /* Info.plist */,
			);
			name = "Supporting Files";
			sourceTree = "<group>";
		};
/* End PBXGroup section */

/* Begin PBXNativeTarget section */
		DF224E441AC07ABA0030DACD /* MyFirstApp */ = {
			isa = PBXNativeTarget;
			buildConfigurationList = DF224E641AC07ABA0030DACD /* Build configuration list for PBXNativeTarget "MyFirstApp" */;
			buildPhases = (
				DF224E411AC07ABA0030DACD /* Sources */,
				DF224E421AC07ABA0030DACD /* Frameworks */,
				DF224E431AC07ABA0030DACD /* Resources */,
			);
			buildRules = (
			);
			dependencies = (
			);
			name = MyFirstApp;
			productName = MyFirstApp;
			productReference = DF224E451AC07ABA0030DACD /* MyFirstApp.app */;
			productType = "com.apple.product-type.application";
		};
		DF224E591AC07ABA0030DACD /* MyFirstAppTests */ = {
			isa = PBXNativeTarget;
			buildConfigurationList = DF224E671AC07ABA0030DACD /* Build configuration list for PBXNativeTarget "MyFirstAppTests" */;
			buildPhases = (
				DF224E561AC07ABA0030DACD /* Sources */,
				DF224E571AC07ABA0030DACD /* Frameworks */,
				DF224E581AC07ABA0030DACD /* Resources */,
			);
			buildRules = (
			);
			dependencies = (
				DF224E5C1AC07ABA0030DACD /* PBXTargetDependency */,
			);
			name = MyFirstAppTests;
			productName = MyFirstAppTests;
			productReference = DF224E5A1AC07ABA0030DACD /* MyFirstAppTests.xctest */;
			productType = "com.apple.product-type.bundle.unit-test";
		};
/* End PBXNativeTarget section */

/* Begin PBXProject section */
		DF224E3D1AC07ABA0030DACD /* Project object */ = {
			isa = PBXProject;
			attributes = {
				LastUpgradeCheck = 0620;
				ORGANIZATIONNAME = "General Assembly";
				TargetAttributes = {
					DF224E441AC07ABA0030DACD = {
						CreatedOnToolsVersion = 6.2;
					};
					DF224E591AC07ABA0030DACD = {
						CreatedOnToolsVersion = 6.2;
						TestTargetID = DF224E441AC07ABA0030DACD;
					};
				};
			};
			buildConfigurationList = DF224E401AC07ABA0030DACD /* Build configuration list for PBXProject "MyFirstApp" */;
			compatibilityVersion = "Xcode 3.2";
			developmentRegion = English;
			hasScannedForEncodings = 0;
			knownRegions = (
				en,
				Base,
			);
			mainGroup = DF224E3C1AC07ABA0030DACD;
			productRefGroup = DF224E461AC07ABA0030DACD /* Products */;
			projectDirPath = "";
			projectRoot = "";
			targets = (
				DF224E441AC07ABA0030DACD /* MyFirstApp */,
				DF224E591AC07ABA0030DACD /* MyFirstAppTests */,
			);
		};
/* End PBXProject section */

/* Begin PBXResourcesBuildPhase section */
		DF224E431AC07ABA0030DACD /* Resources */ = {
			isa = PBXResourcesBuildPhase;
			buildActionMask = 2147483647;
			files = (
				DF224E501AC07ABA0030DACD /* Main.storyboard in Resources */,
				DF224E551AC07ABA0030DACD /* LaunchScreen.xib in Resources */,
				DF224E521AC07ABA0030DACD /* Images.xcassets in Resources */,
			);
			runOnlyForDeploymentPostprocessing = 0;
		};
		DF224E581AC07ABA0030DACD /* Resources */ = {
			isa = PBXResourcesBuildPhase;
			buildActionMask = 2147483647;
			files = (
			);
			runOnlyForDeploymentPostprocessing = 0;
		};
/* End PBXResourcesBuildPhase section */

/* Begin PBXSourcesBuildPhase section */
		DF224E411AC07ABA0030DACD /* Sources */ = {
			isa = PBXSourcesBuildPhase;
			buildActionMask = 2147483647;
			files = (
				DF224E4D1AC07ABA0030DACD /* ViewController.swift in Sources */,
				DF224E4B1AC07ABA0030DACD /* AppDelegate.swift in Sources */,
			);
			runOnlyForDeploymentPostprocessing = 0;
		};
		DF224E561AC07ABA0030DACD /* Sources */ = {
			isa = PBXSourcesBuildPhase;
			buildActionMask = 2147483647;
			files = (
				DF224E611AC07ABA0030DACD /* MyFirstAppTests.swift in Sources */,
			);
			runOnlyForDeploymentPostprocessing = 0;
		};
/* End PBXSourcesBuildPhase section */

/* Begin PBXTargetDependency section */
		DF224E5C1AC07ABA0030DACD /* PBXTargetDependency */ = {
			isa = PBXTargetDependency;
			target = DF224E441AC07ABA0030DACD /* MyFirstApp */;
			targetProxy = DF224E5B1AC07ABA0030DACD /* PBXContainerItemProxy */;
		};
/* End PBXTargetDependency section */

/* Begin PBXVariantGroup section */
		DF224E4E1AC07ABA0030DACD /* Main.storyboard */ = {
			isa = PBXVariantGroup;
			children = (
				DF224E4F1AC07ABA0030DACD /* Base */,
			);
			name = Main.storyboard;
			sourceTree = "<group>";
		};
		DF224E531AC07ABA0030DACD /* LaunchScreen.xib */ = {
			isa = PBXVariantGroup;
			children = (
				DF224E541AC07ABA0030DACD /* Base */,
			);
			name = LaunchScreen.xib;
			sourceTree = "<group>";
		};
/* End PBXVariantGroup section */

/* Begin XCBuildConfiguration section */
		DF224E621AC07ABA0030DACD /* Debug */ = {
			isa = XCBuildConfiguration;
			buildSettings = {
				ALWAYS_SEARCH_USER_PATHS = NO;
				CLANG_CXX_LANGUAGE_STANDARD = "gnu++0x";
				CLANG_CXX_LIBRARY = "libc++";
				CLANG_ENABLE_MODULES = YES;
				CLANG_ENABLE_OBJC_ARC = YES;
				CLANG_WARN_BOOL_CONVERSION = YES;
				CLANG_WARN_CONSTANT_CONVERSION = YES;
				CLANG_WARN_DIRECT_OBJC_ISA_USAGE = YES_ERROR;
				CLANG_WARN_EMPTY_BODY = YES;
				CLANG_WARN_ENUM_CONVERSION = YES;
				CLANG_WARN_INT_CONVERSION = YES;
				CLANG_WARN_OBJC_ROOT_CLASS = YES_ERROR;
				CLANG_WARN_UNREACHABLE_CODE = YES;
				CLANG_WARN__DUPLICATE_METHOD_MATCH = YES;
				"CODE_SIGN_IDENTITY[sdk=iphoneos*]" = "iPhone Developer";
				COPY_PHASE_STRIP = NO;
				ENABLE_STRICT_OBJC_MSGSEND = YES;
				GCC_C_LANGUAGE_STANDARD = gnu99;
				GCC_DYNAMIC_NO_PIC = NO;
				GCC_OPTIMIZATION_LEVEL = 0;
				GCC_PREPROCESSOR_DEFINITIONS = (
					"DEBUG=1",
					"$(inherited)",
				);
				GCC_SYMBOLS_PRIVATE_EXTERN = NO;
				GCC_WARN_64_TO_32_BIT_CONVERSION = YES;
				GCC_WARN_ABOUT_RETURN_TYPE = YES_ERROR;
				GCC_WARN_UNDECLARED_SELECTOR = YES;
				GCC_WARN_UNINITIALIZED_AUTOS = YES_AGGRESSIVE;
				GCC_WARN_UNUSED_FUNCTION = YES;
				GCC_WARN_UNUSED_VARIABLE = YES;
				IPHONEOS_DEPLOYMENT_TARGET = 8.2;
				MTL_ENABLE_DEBUG_INFO = YES;
				ONLY_ACTIVE_ARCH = YES;
				SDKROOT = iphoneos;
				SWIFT_OPTIMIZATION_LEVEL = "-Onone";
			};
			name = Debug;
		};
		DF224E631AC07ABA0030DACD /* Release */ = {
			isa = XCBuildConfiguration;
			buildSettings = {
				ALWAYS_SEARCH_USER_PATHS = NO;
				CLANG_CXX_LANGUAGE_STANDARD = "gnu++0x";
				CLANG_CXX_LIBRARY = "libc++";
				CLANG_ENABLE_MODULES = YES;
				CLANG_ENABLE_OBJC_ARC = YES;
				CLANG_WARN_BOOL_CONVERSION = YES;
				CLANG_WARN_CONSTANT_CONVERSION = YES;
				CLANG_WARN_DIRECT_OBJC_ISA_USAGE = YES_ERROR;
				CLANG_WARN_EMPTY_BODY = YES;
				CLANG_WARN_ENUM_CONVERSION = YES;
				CLANG_WARN_INT_CONVERSION = YES;
				CLANG_WARN_OBJC_ROOT_CLASS = YES_ERROR;
				CLANG_WARN_UNREACHABLE_CODE = YES;
				CLANG_WARN__DUPLICATE_METHOD_MATCH = YES;
				"CODE_SIGN_IDENTITY[sdk=iphoneos*]" = "iPhone Developer";
				COPY_PHASE_STRIP = NO;
				ENABLE_NS_ASSERTIONS = NO;
				ENABLE_STRICT_OBJC_MSGSEND = YES;
				GCC_C_LANGUAGE_STANDARD = gnu99;
				GCC_WARN_64_TO_32_BIT_CONVERSION = YES;
				GCC_WARN_ABOUT_RETURN_TYPE = YES_ERROR;
				GCC_WARN_UNDECLARED_SELECTOR = YES;
				GCC_WARN_UNINITIALIZED_AUTOS = YES_AGGRESSIVE;
				GCC_WARN_UNUSED_FUNCTION = YES;
				GCC_WARN_UNUSED_VARIABLE = YES;
				IPHONEOS_DEPLOYMENT_TARGET = 8.2;
				MTL_ENABLE_DEBUG_INFO = NO;
				SDKROOT = iphoneos;
				VALIDATE_PRODUCT = YES;
			};
			name = Release;
		};
		DF224E651AC07ABA0030DACD /* Debug */ = {
			isa = XCBuildConfiguration;
			buildSettings = {
				ASSETCATALOG_COMPILER_APPICON_NAME = AppIcon;
				INFOPLIST_FILE = MyFirstApp/Info.plist;
				LD_RUNPATH_SEARCH_PATHS = "$(inherited) @executable_path/Frameworks";
				PRODUCT_NAME = "$(TARGET_NAME)";
			};
			name = Debug;
		};
		DF224E661AC07ABA0030DACD /* Release */ = {
			isa = XCBuildConfiguration;
			buildSettings = {
				ASSETCATALOG_COMPILER_APPICON_NAME = AppIcon;
				INFOPLIST_FILE = MyFirstApp/Info.plist;
				LD_RUNPATH_SEARCH_PATHS = "$(inherited) @executable_path/Frameworks";
				PRODUCT_NAME = "$(TARGET_NAME)";
			};
			name = Release;
		};
		DF224E681AC07ABA0030DACD /* Debug */ = {
			isa = XCBuildConfiguration;
			buildSettings = {
				BUNDLE_LOADER = "$(TEST_HOST)";
				FRAMEWORK_SEARCH_PATHS = (
					"$(SDKROOT)/Developer/Library/Frameworks",
					"$(inherited)",
				);
				GCC_PREPROCESSOR_DEFINITIONS = (
					"DEBUG=1",
					"$(inherited)",
				);
				INFOPLIST_FILE = MyFirstAppTests/Info.plist;
				LD_RUNPATH_SEARCH_PATHS = "$(inherited) @executable_path/Frameworks @loader_path/Frameworks";
				PRODUCT_NAME = "$(TARGET_NAME)";
				TEST_HOST = "$(BUILT_PRODUCTS_DIR)/MyFirstApp.app/MyFirstApp";
			};
			name = Debug;
		};
		DF224E691AC07ABA0030DACD /* Release */ = {
			isa = XCBuildConfiguration;
			buildSettings = {
				BUNDLE_LOADER = "$(TEST_HOST)";
				FRAMEWORK_SEARCH_PATHS = (
					"$(SDKROOT)/Developer/Library/Frameworks",
					"$(inherited)",
				);
				INFOPLIST_FILE = MyFirstAppTests/Info.plist;
				LD_RUNPATH_SEARCH_PATHS = "$(inherited) @executable_path/Frameworks @loader_path/Frameworks";
				PRODUCT_NAME = "$(TARGET_NAME)";
				TEST_HOST = "$(BUILT_PRODUCTS_DIR)/MyFirstApp.app/MyFirstApp";
			};
			name = Release;
		};
/* End XCBuildConfiguration section */

/* Begin XCConfigurationList section */
		DF224E401AC07ABA0030DACD /* Build configuration list for PBXProject "MyFirstApp" */ = {
			isa = XCConfigurationList;
			buildConfigurations = (
				DF224E621AC07ABA0030DACD /* Debug */,
				DF224E631AC07ABA0030DACD /* Release */,
			);
			defaultConfigurationIsVisible = 0;
			defaultConfigurationName = Release;
		};
		DF224E641AC07ABA0030DACD /* Build configuration list for PBXNativeTarget "MyFirstApp" */ = {
			isa = XCConfigurationList;
			buildConfigurations = (
				DF224E651AC07ABA0030DACD /* Debug */,
				DF224E661AC07ABA0030DACD /* Release */,
			);
			defaultConfigurationIsVisible = 0;
		};
		DF224E671AC07ABA0030DACD /* Build configuration list for PBXNativeTarget "MyFirstAppTests" */ = {
			isa = XCConfigurationList;
			buildConfigurations = (
				DF224E681AC07ABA0030DACD /* Debug */,
				DF224E691AC07ABA0030DACD /* Release */,
			);
			defaultConfigurationIsVisible = 0;
		};
/* End XCConfigurationList section */
	};
	rootObject = DF224E3D1AC07ABA0030DACD /* Project object */;
}
